GEM
  remote: https://rubygems.org/
  specs:
    babosa (2.0.0)
    date (3.5.1)
    logger (1.7.0)
    mail (2.9.0)
      logger
      mini_mime (>= 0.1.1)
      net-imap
      net-pop
      net-smtp
    mini_mime (1.1.5)
    minitest (5.27.0)
    net-imap (0.6.3)
      date
      net-protocol
    net-pop (0.1.2)
      net-protocol
    net-protocol (0.2.2)
      timeout
    net-smtp (0.5.1)
      net-protocol
    nokogiri (1.19.1-aarch64-linux-gnu)
      racc (~> 1.4)
    nokogiri (1.19.1-aarch64-linux-musl)
      racc (~> 1.4)
    nokogiri (1.19.1-arm-linux-gnu)
      racc (~> 1.4)
    nokogiri (1.19.1-arm-linux-musl)
      racc (~> 1.4)
    nokogiri (1.19.1-arm64-darwin)
      racc (~> 1.4)
    nokogiri (1.19.1-x86_64-darwin)
      racc (~> 1.4)
    nokogiri (1.19.1-x86_64-linux-gnu)
      racc (~> 1.4)
    nokogiri (1.19.1-x86_64-linux-musl)
      racc (~> 1.4)
    racc (1.8.1)
    reverse_markdown (2.1.1)
      nokogiri
    timeout (0.6.0)

PLATFORMS
  aarch64-linux-gnu
  aarch64-linux-musl
  arm-linux-gnu
  arm-linux-musl
  arm64-darwin
  x86_64-darwin
  x86_64-linux-gnu
  x86_64-linux-musl

DEPENDENCIES
  babosa (~> 2.0)
  mail (~> 2.8)
  minitest (~> 5.20)
  reverse_markdown (~> 2.1)

BUNDLED WITH
   2.7.2
